
Microsoft Visual Studio Solution File, Format Version 12.00
# Visual Studio 15
VisualStudioVersion = 15.0.28307.329
MinimumVisualStudioVersion = 10.0.40219.1
Project("{FAE04EC0-301F-11D3-BF4B-00C04F79EFBC}") = "CSV_Parser", "CSV_Parser\CSV_Parser.csproj", "{669B75EC-2AC8-4782-99B2-267DC8943195}"
EndProject
Global
	GlobalSection(SolutionConfigurationPlatforms) = preSolution
		Debug|Any CPU = Debug|Any CPU
		Release|Any CPU = Release|Any CPU
	EndGlobalSection
	GlobalSection(ProjectConfigurationPlatforms) = postSolution
		{669B75EC-2AC8-4782-99B2-267DC8943195}.Debug|Any CPU.ActiveCfg = Debug|Any CPU
		{669B75EC-2AC8-4782-99B2-267DC8943195}.Debug|Any CPU.Build.0 = Debug|Any CPU
		{669B75EC-2AC8-4782-99B2-267DC8943195}.Release|Any CPU.ActiveCfg = Release|Any CPU
		{669B75EC-2AC8-4782-99B2-267DC8943195}.Release|Any CPU.Build.0 = Release|Any CPU
	EndGlobalSection
	GlobalSection(SolutionProperties) = preSolution
		HideSolutionNode = FALSE
	EndGlobalSection
	GlobalSection(ExtensibilityGlobals) = postSolution
		SolutionGuid = {1EF56E5D-339B-4C1D-9B86-A87CE58C5FE5}
	EndGlobalSection
EndGlobal
